
Microsoft Visual Studio Solution File, Format Version 12.00
# Visual Studio Version 17
VisualStudioVersion = 17.5.002.0
MinimumVisualStudioVersion = 10.0.40219.1
Project("{9A19103F-16F7-4668-BE54-9A1E7A4F7556}") = "trilha-net-azure-desafio", "trilha-net-azure-desafio.csproj", "{C79AD214-2E65-415E-8BE2-132FB0CDE74E}"
EndProject
Global
	GlobalSection(SolutionConfigurationPlatforms) = preSolution
		Debug|Any CPU = Debug|Any CPU
		Release|Any CPU = Release|Any CPU
	EndGlobalSection
	GlobalSection(ProjectConfigurationPlatforms) = postSolution
		{C79AD214-2E65-415E-8BE2-132FB0CDE74E}.Debug|Any CPU.ActiveCfg = Debug|Any CPU
		{C79AD214-2E65-415E-8BE2-132FB0CDE74E}.Debug|Any CPU.Build.0 = Debug|Any CPU
		{C79AD214-2E65-415E-8BE2-132FB0CDE74E}.Release|Any CPU.ActiveCfg = Release|Any CPU
		{C79AD214-2E65-415E-8BE2-132FB0CDE74E}.Release|Any CPU.Build.0 = Release|Any CPU
	EndGlobalSection
	GlobalSection(SolutionProperties) = preSolution
		HideSolutionNode = FALSE
	EndGlobalSection
	GlobalSection(ExtensibilityGlobals) = postSolution
		SolutionGuid = {CA5CEF22-ACDB-441A-8377-41DFAE63E68E}
	EndGlobalSection
EndGlobal
